
Microsoft Visual Studio Solution File, Format Version 12.00
# Visual Studio 2013
VisualStudioVersion = 12.0.30110.0
MinimumVisualStudioVersion = 10.0.40219.1
Project("{FAE04EC0-301F-11D3-BF4B-00C04F79EFBC}") = "Framework", "Framework\Framework.csproj", "{38E1871B-F401-4DFA-9259-C07698DFF704}"
EndProject
Project("{FAE04EC0-301F-11D3-BF4B-00C04F79EFBC}") = "Lib", "Lib\Lib.csproj", "{B57584E0-14D2-48E1-B7D4-1FB8A8DBF27D}"
EndProject
Project("{FAE04EC0-301F-11D3-BF4B-00C04F79EFBC}") = "Site", "Site\Site.csproj", "{36514837-9F9A-4A85-8858-ACCD292C3BD9}"
EndProject
Project("{FAE04EC0-301F-11D3-BF4B-00C04F79EFBC}") = "Framework.PayPal", "Framework.PayPal\Framework.PayPal.csproj", "{059B7E8C-51C4-4702-A92D-996DDB3151C2}"
EndProject
Project("{FAE04EC0-301F-11D3-BF4B-00C04F79EFBC}") = "Utilities", "Utilities\Utilities.csproj", "{34AC8D64-8E20-42DC-B28E-B9AD13C5ADAA}"
EndProject
Global
	GlobalSection(SolutionConfigurationPlatforms) = preSolution
		Debug|Any CPU = Debug|Any CPU
		Release|Any CPU = Release|Any CPU
	EndGlobalSection
	GlobalSection(ProjectConfigurationPlatforms) = postSolution
		{38E1871B-F401-4DFA-9259-C07698DFF704}.Debug|Any CPU.ActiveCfg = Debug|Any CPU
		{38E1871B-F401-4DFA-9259-C07698DFF704}.Debug|Any CPU.Build.0 = Debug|Any CPU
		{38E1871B-F401-4DFA-9259-C07698DFF704}.Release|Any CPU.ActiveCfg = Release|Any CPU
		{38E1871B-F401-4DFA-9259-C07698DFF704}.Release|Any CPU.Build.0 = Release|Any CPU
		{B57584E0-14D2-48E1-B7D4-1FB8A8DBF27D}.Debug|Any CPU.ActiveCfg = Debug|Any CPU
		{B57584E0-14D2-48E1-B7D4-1FB8A8DBF27D}.Debug|Any CPU.Build.0 = Debug|Any CPU
		{B57584E0-14D2-48E1-B7D4-1FB8A8DBF27D}.Release|Any CPU.ActiveCfg = Release|Any CPU
		{B57584E0-14D2-48E1-B7D4-1FB8A8DBF27D}.Release|Any CPU.Build.0 = Release|Any CPU
		{36514837-9F9A-4A85-8858-ACCD292C3BD9}.Debug|Any CPU.ActiveCfg = Debug|Any CPU
		{36514837-9F9A-4A85-8858-ACCD292C3BD9}.Debug|Any CPU.Build.0 = Debug|Any CPU
		{36514837-9F9A-4A85-8858-ACCD292C3BD9}.Release|Any CPU.ActiveCfg = Release|Any CPU
		{36514837-9F9A-4A85-8858-ACCD292C3BD9}.Release|Any CPU.Build.0 = Release|Any CPU
		{059B7E8C-51C4-4702-A92D-996DDB3151C2}.Debug|Any CPU.ActiveCfg = Debug|Any CPU
		{059B7E8C-51C4-4702-A92D-996DDB3151C2}.Debug|Any CPU.Build.0 = Debug|Any CPU
		{059B7E8C-51C4-4702-A92D-996DDB3151C2}.Release|Any CPU.ActiveCfg = Release|Any CPU
		{059B7E8C-51C4-4702-A92D-996DDB3151C2}.Release|Any CPU.Build.0 = Release|Any CPU
		{34AC8D64-8E20-42DC-B28E-B9AD13C5ADAA}.Debug|Any CPU.ActiveCfg = Debug|Any CPU
		{34AC8D64-8E20-42DC-B28E-B9AD13C5ADAA}.Debug|Any CPU.Build.0 = Debug|Any CPU
		{34AC8D64-8E20-42DC-B28E-B9AD13C5ADAA}.Release|Any CPU.ActiveCfg = Release|Any CPU
		{34AC8D64-8E20-42DC-B28E-B9AD13C5ADAA}.Release|Any CPU.Build.0 = Release|Any CPU
	EndGlobalSection
	GlobalSection(SolutionProperties) = preSolution
		HideSolutionNode = FALSE
	EndGlobalSection
EndGlobal
